// !$*UTF8*$!
{
	archiveVersion = 1;
	classes = {
	};
	objectVersion = 46;
	objects = {

/* Begin PBXBuildFile section */
		381651C51AE9D9640043754D /* RectsDrawView.m in Sources */ = {isa = PBXBuildFile; fileRef = 381651C41AE9D9640043754D /* RectsDrawView.m */; };
		381651C81AEA121A0043754D /* PillarDrawView.m in Sources */ = {isa = PBXBuildFile; fileRef = 381651C71AEA121A0043754D /* PillarDrawView.m */; };
		381651CB1AEA310F0043754D /* CircleDrawView.m in Sources */ = {isa = PBXBuildFile; fileRef = 381651CA1AEA310F0043754D /* CircleDrawView.m */; };
		385969301AE87DBA00C88ED4 /* main.m in Sources */ = {isa = PBXBuildFile; fileRef = 3859692F1AE87DBA00C88ED4 /* main.m */; };
		385969331AE87DBA00C88ED4 /* AppDelegate.m in Sources */ = {isa = PBXBuildFile; fileRef = 385969321AE87DBA00C88ED4 /* AppDelegate.m */; };
		385969361AE87DBA00C88ED4 /* ViewController.m in Sources */ = {isa = PBXBuildFile; fileRef = 385969351AE87DBA00C88ED4 /* ViewController.m */; };
		385969391AE87DBA00C88ED4 /* Main.storyboard in Resources */ = {isa = PBXBuildFile; fileRef = 385969371AE87DBA00C88ED4 /* Main.storyboard */; };
		3859693B1AE87DBA00C88ED4 /* Images.xcassets in Resources */ = {isa = PBXBuildFile; fileRef = 3859693A1AE87DBA00C88ED4 /* Images.xcassets */; };
		3859693E1AE87DBA00C88ED4 /* LaunchScreen.xib in Resources */ = {isa = PBXBuildFile; fileRef = 3859693C1AE87DBA00C88ED4 /* LaunchScreen.xib */; };
		3859694A1AE87DBA00C88ED4 /* DrawTableTests.m in Sources */ = {isa = PBXBuildFile; fileRef = 385969491AE87DBA00C88ED4 /* DrawTableTests.m */; };
		385969551AE8DBF900C88ED4 /* CurDrawView.m in Sources */ = {isa = PBXBuildFile; fileRef = 385969541AE8DBF900C88ED4 /* CurDrawView.m */; };
/* End PBXBuildFile section */

/* Begin PBXContainerItemProxy section */
		385969441AE87DBA00C88ED4 /* PBXContainerItemProxy */ = {
			isa = PBXContainerItemProxy;
			containerPortal = 385969221AE87DBA00C88ED4 /* Project object */;
			proxyType = 1;
			remoteGlobalIDString = 385969291AE87DBA00C88ED4;
			remoteInfo = DrawTable;
		};
/* End PBXContainerItemProxy section */

/* Begin PBXFileReference section */
		381651C31AE9D9640043754D /* RectsDrawView.h */ = {isa = PBXFileReference; fileEncoding = 4; lastKnownFileType = sourcecode.c.h; path = RectsDrawView.h; sourceTree = "<group>"; };
		381651C41AE9D9640043754D /* RectsDrawView.m */ = {isa = PBXFileReference; fileEncoding = 4; lastKnownFileType = sourcecode.c.objc; path = RectsDrawView.m; sourceTree = "<group>"; };
		381651C61AEA121A0043754D /* PillarDrawView.h */ = {isa = PBXFileReference; fileEncoding = 4; lastKnownFileType = sourcecode.c.h; path = PillarDrawView.h; sourceTree = "<group>"; };
		381651C71AEA121A0043754D /* PillarDrawView.m */ = {isa = PBXFileReference; fileEncoding = 4; lastKnownFileType = sourcecode.c.objc; path = PillarDrawView.m; sourceTree = "<group>"; };
		381651C91AEA310F0043754D /* CircleDrawView.h */ = {isa = PBXFileReference; fileEncoding = 4; lastKnownFileType = sourcecode.c.h; path = CircleDrawView.h; sourceTree = "<group>"; };
		381651CA1AEA310F0043754D /* CircleDrawView.m */ = {isa = PBXFileReference; fileEncoding = 4; lastKnownFileType = sourcecode.c.objc; path = CircleDrawView.m; sourceTree = "<group>"; };
		3859692A1AE87DBA00C88ED4 /* DrawTable.app */ = {isa = PBXFileReference; explicitFileType = wrapper.application; includeInIndex = 0; path = DrawTable.app; sourceTree = BUILT_PRODUCTS_DIR; };
		3859692E1AE87DBA00C88ED4 /* Info.plist */ = {isa = PBXFileReference; lastKnownFileType = text.plist.xml; path = Info.plist; sourceTree = "<group>"; };
		3859692F1AE87DBA00C88ED4 /* main.m */ = {isa = PBXFileReference; lastKnownFileType = sourcecode.c.objc; path = main.m; sourceTree = "<group>"; };
		385969311AE87DBA00C88ED4 /* AppDelegate.h */ = {isa = PBXFileReference; lastKnownFileType = sourcecode.c.h; path = AppDelegate.h; sourceTree = "<group>"; };
		385969321AE87DBA00C88ED4 /* AppDelegate.m */ = {isa = PBXFileReference; lastKnownFileType = sourcecode.c.objc; path = AppDelegate.m; sourceTree = "<group>"; };
		385969341AE87DBA00C88ED4 /* ViewController.h */ = {isa = PBXFileReference; lastKnownFileType = sourcecode.c.h; path = ViewController.h; sourceTree = "<group>"; };
		385969351AE87DBA00C88ED4 /* ViewController.m */ = {isa = PBXFileReference; lastKnownFileType = sourcecode.c.objc; path = ViewController.m; sourceTree = "<group>"; };
		385969381AE87DBA00C88ED4 /* Base */ = {isa = PBXFileReference; lastKnownFileType = file.storyboard; name = Base; path = Base.lproj/Main.storyboard; sourceTree = "<group>"; };
		3859693A1AE87DBA00C88ED4 /* Images.xcassets */ = {isa = PBXFileReference; lastKnownFileType = folder.assetcatalog; path = Images.xcassets; sourceTree = "<group>"; };
		3859693D1AE87DBA00C88ED4 /* Base */ = {isa = PBXFileReference; lastKnownFileType = file.xib; name = Base; path = Base.lproj/LaunchScreen.xib; sourceTree = "<group>"; };
		385969431AE87DBA00C88ED4 /* DrawTableTests.xctest */ = {isa = PBXFileReference; explicitFileType = wrapper.cfbundle; includeInIndex = 0; path = DrawTableTests.xctest; sourceTree = BUILT_PRODUCTS_DIR; };
		385969481AE87DBA00C88ED4 /* Info.plist */ = {isa = PBXFileReference; lastKnownFileType = text.plist.xml; path = Info.plist; sourceTree = "<group>"; };
		385969491AE87DBA00C88ED4 /* DrawTableTests.m */ = {isa = PBXFileReference; lastKnownFileType = sourcecode.c.objc; path = DrawTableTests.m; sourceTree = "<group>"; };
		385969531AE8DBF900C88ED4 /* CurDrawView.h */ = {isa = PBXFileReference; fileEncoding = 4; lastKnownFileType = sourcecode.c.h; path = CurDrawView.h; sourceTree = "<group>"; };
		385969541AE8DBF900C88ED4 /* CurDrawView.m */ = {isa = PBXFileReference; fileEncoding = 4; lastKnownFileType = sourcecode.c.objc; path = CurDrawView.m; sourceTree = "<group>"; };
/* End PBXFileReference section */

/* Begin PBXFrameworksBuildPhase section */
		385969271AE87DBA00C88ED4 /* Frameworks */ = {
			isa = PBXFrameworksBuildPhase;
			buildActionMask = 2147483647;
			files = (
			);
			runOnlyForDeploymentPostprocessing = 0;
		};
		385969401AE87DBA00C88ED4 /* Frameworks */ = {
			isa = PBXFrameworksBuildPhase;
			buildActionMask = 2147483647;
			files = (
			);
			runOnlyForDeploymentPostprocessing = 0;
		};
/* End PBXFrameworksBuildPhase section */

/* Begin PBXGroup section */
		385969211AE87DBA00C88ED4 = {
			isa = PBXGroup;
			children = (
				3859692C1AE87DBA00C88ED4 /* DrawTable */,
				385969461AE87DBA00C88ED4 /* DrawTableTests */,
				3859692B1AE87DBA00C88ED4 /* Products */,
			);
			sourceTree = "<group>";
		};
		3859692B1AE87DBA00C88ED4 /* Products */ = {
			isa = PBXGroup;
			children = (
				3859692A1AE87DBA00C88ED4 /* DrawTable.app */,
				385969431AE87DBA00C88ED4 /* DrawTableTests.xctest */,
			);
			name = Products;
			sourceTree = "<group>";
		};
		3859692C1AE87DBA00C88ED4 /* DrawTable */ = {
			isa = PBXGroup;
			children = (
				381651C31AE9D9640043754D /* RectsDrawView.h */,
				381651C41AE9D9640043754D /* RectsDrawView.m */,
				385969311AE87DBA00C88ED4 /* AppDelegate.h */,
				385969321AE87DBA00C88ED4 /* AppDelegate.m */,
				385969341AE87DBA00C88ED4 /* ViewController.h */,
				385969351AE87DBA00C88ED4 /* ViewController.m */,
				385969371AE87DBA00C88ED4 /* Main.storyboard */,
				3859693A1AE87DBA00C88ED4 /* Images.xcassets */,
				3859693C1AE87DBA00C88ED4 /* LaunchScreen.xib */,
				3859692D1AE87DBA00C88ED4 /* Supporting Files */,
				385969531AE8DBF900C88ED4 /* CurDrawView.h */,
				385969541AE8DBF900C88ED4 /* CurDrawView.m */,
				381651C61AEA121A0043754D /* PillarDrawView.h */,
				381651C71AEA121A0043754D /* PillarDrawView.m */,
				381651C91AEA310F0043754D /* CircleDrawView.h */,
				381651CA1AEA310F0043754D /* CircleDrawView.m */,
			);
			path = DrawTable;
			sourceTree = "<group>";
		};
		3859692D1AE87DBA00C88ED4 /* Supporting Files */ = {
			isa = PBXGroup;
			children = (
				3859692E1AE87DBA00C88ED4 /* Info.plist */,
				3859692F1AE87DBA00C88ED4 /* main.m */,
			);
			name = "Supporting Files";
			sourceTree = "<group>";
		};
		385969461AE87DBA00C88ED4 /* DrawTableTests */ = {
			isa = PBXGroup;
			children = (
				385969491AE87DBA00C88ED4 /* DrawTableTests.m */,
				385969471AE87DBA00C88ED4 /* Supporting Files */,
			);
			path = DrawTableTests;
			sourceTree = "<group>";
		};
		385969471AE87DBA00C88ED4 /* Supporting Files */ = {
			isa = PBXGroup;
			children = (
				385969481AE87DBA00C88ED4 /* Info.plist */,
			);
			name = "Supporting Files";
			sourceTree = "<group>";
		};
/* End PBXGroup section */

/* Begin PBXNativeTarget section */
		385969291AE87DBA00C88ED4 /* DrawTable */ = {
			isa = PBXNativeTarget;
			buildConfigurationList = 3859694D1AE87DBA00C88ED4 /* Build configuration list for PBXNativeTarget "DrawTable" */;
			buildPhases = (
				385969261AE87DBA00C88ED4 /* Sources */,
				385969271AE87DBA00C88ED4 /* Frameworks */,
				385969281AE87DBA00C88ED4 /* Resources */,
			);
			buildRules = (
			);
			dependencies = (
			);
			name = DrawTable;
			productName = DrawTable;
			productReference = 3859692A1AE87DBA00C88ED4 /* DrawTable.app */;
			productType = "com.apple.product-type.application";
		};
		385969421AE87DBA00C88ED4 /* DrawTableTests */ = {
			isa = PBXNativeTarget;
			buildConfigurationList = 385969501AE87DBA00C88ED4 /* Build configuration list for PBXNativeTarget "DrawTableTests" */;
			buildPhases = (
				3859693F1AE87DBA00C88ED4 /* Sources */,
				385969401AE87DBA00C88ED4 /* Frameworks */,
				385969411AE87DBA00C88ED4 /* Resources */,
			);
			buildRules = (
			);
			dependencies = (
				385969451AE87DBA00C88ED4 /* PBXTargetDependency */,
			);
			name = DrawTableTests;
			productName = DrawTableTests;
			productReference = 385969431AE87DBA00C88ED4 /* DrawTableTests.xctest */;
			productType = "com.apple.product-type.bundle.unit-test";
		};
/* End PBXNativeTarget section */

/* Begin PBXProject section */
		385969221AE87DBA00C88ED4 /* Project object */ = {
			isa = PBXProject;
			attributes = {
				LastUpgradeCheck = 0610;
				ORGANIZATIONNAME = edutech;
				TargetAttributes = {
					385969291AE87DBA00C88ED4 = {
						CreatedOnToolsVersion = 6.1.1;
					};
					385969421AE87DBA00C88ED4 = {
						CreatedOnToolsVersion = 6.1.1;
						TestTargetID = 385969291AE87DBA00C88ED4;
					};
				};
			};
			buildConfigurationList = 385969251AE87DBA00C88ED4 /* Build configuration list for PBXProject "DrawTable" */;
			compatibilityVersion = "Xcode 3.2";
			developmentRegion = English;
			hasScannedForEncodings = 0;
			knownRegions = (
				en,
				Base,
			);
			mainGroup = 385969211AE87DBA00C88ED4;
			productRefGroup = 3859692B1AE87DBA00C88ED4 /* Products */;
			projectDirPath = "";
			projectRoot = "";
			targets = (
				385969291AE87DBA00C88ED4 /* DrawTable */,
				385969421AE87DBA00C88ED4 /* DrawTableTests */,
			);
		};
/* End PBXProject section */

/* Begin PBXResourcesBuildPhase section */
		385969281AE87DBA00C88ED4 /* Resources */ = {
			isa = PBXResourcesBuildPhase;
			buildActionMask = 2147483647;
			files = (
				385969391AE87DBA00C88ED4 /* Main.storyboard in Resources */,
				3859693E1AE87DBA00C88ED4 /* LaunchScreen.xib in Resources */,
				3859693B1AE87DBA00C88ED4 /* Images.xcassets in Resources */,
			);
			runOnlyForDeploymentPostprocessing = 0;
		};
		385969411AE87DBA00C88ED4 /* Resources */ = {
			isa = PBXResourcesBuildPhase;
			buildActionMask = 2147483647;
			files = (
			);
			runOnlyForDeploymentPostprocessing = 0;
		};
/* End PBXResourcesBuildPhase section */

/* Begin PBXSourcesBuildPhase section */
		385969261AE87DBA00C88ED4 /* Sources */ = {
			isa = PBXSourcesBuildPhase;
			buildActionMask = 2147483647;
			files = (
				385969361AE87DBA00C88ED4 /* ViewController.m in Sources */,
				385969331AE87DBA00C88ED4 /* AppDelegate.m in Sources */,
				381651CB1AEA310F0043754D /* CircleDrawView.m in Sources */,
				381651C51AE9D9640043754D /* RectsDrawView.m in Sources */,
				385969301AE87DBA00C88ED4 /* main.m in Sources */,
				381651C81AEA121A0043754D /* PillarDrawView.m in Sources */,
				385969551AE8DBF900C88ED4 /* CurDrawView.m in Sources */,
			);
			runOnlyForDeploymentPostprocessing = 0;
		};
		3859693F1AE87DBA00C88ED4 /* Sources */ = {
			isa = PBXSourcesBuildPhase;
			buildActionMask = 2147483647;
			files = (
				3859694A1AE87DBA00C88ED4 /* DrawTableTests.m in Sources */,
			);
			runOnlyForDeploymentPostprocessing = 0;
		};
/* End PBXSourcesBuildPhase section */

/* Begin PBXTargetDependency section */
		385969451AE87DBA00C88ED4 /* PBXTargetDependency */ = {
			isa = PBXTargetDependency;
			target = 385969291AE87DBA00C88ED4 /* DrawTable */;
			targetProxy = 385969441AE87DBA00C88ED4 /* PBXContainerItemProxy */;
		};
/* End PBXTargetDependency section */

/* Begin PBXVariantGroup section */
		385969371AE87DBA00C88ED4 /* Main.storyboard */ = {
			isa = PBXVariantGroup;
			children = (
				385969381AE87DBA00C88ED4 /* Base */,
			);
			name = Main.storyboard;
			sourceTree = "<group>";
		};
		3859693C1AE87DBA00C88ED4 /* LaunchScreen.xib */ = {
			isa = PBXVariantGroup;
			children = (
				3859693D1AE87DBA00C88ED4 /* Base */,
			);
			name = LaunchScreen.xib;
			sourceTree = "<group>";
		};
/* End PBXVariantGroup section */

/* Begin XCBuildConfiguration section */
		3859694B1AE87DBA00C88ED4 /* Debug */ = {
			isa = XCBuildConfiguration;
			buildSettings = {
				ALWAYS_SEARCH_USER_PATHS = NO;
				CLANG_CXX_LANGUAGE_STANDARD = "gnu++0x";
				CLANG_CXX_LIBRARY = "libc++";
				CLANG_ENABLE_MODULES = YES;
				CLANG_ENABLE_OBJC_ARC = YES;
				CLANG_WARN_BOOL_CONVERSION = YES;
				CLANG_WARN_CONSTANT_CONVERSION = YES;
				CLANG_WARN_DIRECT_OBJC_ISA_USAGE = YES_ERROR;
				CLANG_WARN_EMPTY_BODY = YES;
				CLANG_WARN_ENUM_CONVERSION = YES;
				CLANG_WARN_INT_CONVERSION = YES;
				CLANG_WARN_OBJC_ROOT_CLASS = YES_ERROR;
				CLANG_WARN_UNREACHABLE_CODE = YES;
				CLANG_WARN__DUPLICATE_METHOD_MATCH = YES;
				"CODE_SIGN_IDENTITY[sdk=iphoneos*]" = "iPhone Developer";
				COPY_PHASE_STRIP = NO;
				ENABLE_STRICT_OBJC_MSGSEND = YES;
				GCC_C_LANGUAGE_STANDARD = gnu99;
				GCC_DYNAMIC_NO_PIC = NO;
				GCC_OPTIMIZATION_LEVEL = 0;
				GCC_PREPROCESSOR_DEFINITIONS = (
					"DEBUG=1",
					"$(inherited)",
				);
				GCC_SYMBOLS_PRIVATE_EXTERN = NO;
				GCC_WARN_64_TO_32_BIT_CONVERSION = YES;
				GCC_WARN_ABOUT_RETURN_TYPE = YES_ERROR;
				GCC_WARN_UNDECLARED_SELECTOR = YES;
				GCC_WARN_UNINITIALIZED_AUTOS = YES_AGGRESSIVE;
				GCC_WARN_UNUSED_FUNCTION = YES;
				GCC_WARN_UNUSED_VARIABLE = YES;
				IPHONEOS_DEPLOYMENT_TARGET = 8.1;
				MTL_ENABLE_DEBUG_INFO = YES;
				ONLY_ACTIVE_ARCH = YES;
				SDKROOT = iphoneos;
				TARGETED_DEVICE_FAMILY = "1,2";
			};
			name = Debug;
		};
		3859694C1AE87DBA00C88ED4 /* Release */ = {
			isa = XCBuildConfiguration;
			buildSettings = {
				ALWAYS_SEARCH_USER_PATHS = NO;
				CLANG_CXX_LANGUAGE_STANDARD = "gnu++0x";
				CLANG_CXX_LIBRARY = "libc++";
				CLANG_ENABLE_MODULES = YES;
				CLANG_ENABLE_OBJC_ARC = YES;
				CLANG_WARN_BOOL_CONVERSION = YES;
				CLANG_WARN_CONSTANT_CONVERSION = YES;
				CLANG_WARN_DIRECT_OBJC_ISA_USAGE = YES_ERROR;
				CLANG_WARN_EMPTY_BODY = YES;
				CLANG_WARN_ENUM_CONVERSION = YES;
				CLANG_WARN_INT_CONVERSION = YES;
				CLANG_WARN_OBJC_ROOT_CLASS = YES_ERROR;
				CLANG_WARN_UNREACHABLE_CODE = YES;
				CLANG_WARN__DUPLICATE_METHOD_MATCH = YES;
				"CODE_SIGN_IDENTITY[sdk=iphoneos*]" = "iPhone Developer";
				COPY_PHASE_STRIP = YES;
				ENABLE_NS_ASSERTIONS = NO;
				ENABLE_STRICT_OBJC_MSGSEND = YES;
				GCC_C_LANGUAGE_STANDARD = gnu99;
				GCC_WARN_64_TO_32_BIT_CONVERSION = YES;
				GCC_WARN_ABOUT_RETURN_TYPE = YES_ERROR;
				GCC_WARN_UNDECLARED_SELECTOR = YES;
				GCC_WARN_UNINITIALIZED_AUTOS = YES_AGGRESSIVE;
				GCC_WARN_UNUSED_FUNCTION = YES;
				GCC_WARN_UNUSED_VARIABLE = YES;
				IPHONEOS_DEPLOYMENT_TARGET = 8.1;
				MTL_ENABLE_DEBUG_INFO = NO;
				SDKROOT = iphoneos;
				TARGETED_DEVICE_FAMILY = "1,2";
				VALIDATE_PRODUCT = YES;
			};
			name = Release;
		};
		3859694E1AE87DBA00C88ED4 /* Debug */ = {
			isa = XCBuildConfiguration;
			buildSettings = {
				ASSETCATALOG_COMPILER_APPICON_NAME = AppIcon;
				INFOPLIST_FILE = DrawTable/Info.plist;
				LD_RUNPATH_SEARCH_PATHS = "$(inherited) @executable_path/Frameworks";
				PRODUCT_NAME = "$(TARGET_NAME)";
			};
			name = Debug;
		};
		3859694F1AE87DBA00C88ED4 /* Release */ = {
			isa = XCBuildConfiguration;
			buildSettings = {
				ASSETCATALOG_COMPILER_APPICON_NAME = AppIcon;
				INFOPLIST_FILE = DrawTable/Info.plist;
				LD_RUNPATH_SEARCH_PATHS = "$(inherited) @executable_path/Frameworks";
				PRODUCT_NAME = "$(TARGET_NAME)";
			};
			name = Release;
		};
		385969511AE87DBA00C88ED4 /* Debug */ = {
			isa = XCBuildConfiguration;
			buildSettings = {
				BUNDLE_LOADER = "$(TEST_HOST)";
				FRAMEWORK_SEARCH_PATHS = (
					"$(SDKROOT)/Developer/Library/Frameworks",
					"$(inherited)",
				);
				GCC_PREPROCESSOR_DEFINITIONS = (
					"DEBUG=1",
					"$(inherited)",
				);
				INFOPLIST_FILE = DrawTableTests/Info.plist;
				LD_RUNPATH_SEARCH_PATHS = "$(inherited) @executable_path/Frameworks @loader_path/Frameworks";
				PRODUCT_NAME = "$(TARGET_NAME)";
				TEST_HOST = "$(BUILT_PRODUCTS_DIR)/DrawTable.app/DrawTable";
			};
			name = Debug;
		};
		385969521AE87DBA00C88ED4 /* Release */ = {
			isa = XCBuildConfiguration;
			buildSettings = {
				BUNDLE_LOADER = "$(TEST_HOST)";
				FRAMEWORK_SEARCH_PATHS = (
					"$(SDKROOT)/Developer/Library/Frameworks",
					"$(inherited)",
				);
				INFOPLIST_FILE = DrawTableTests/Info.plist;
				LD_RUNPATH_SEARCH_PATHS = "$(inherited) @executable_path/Frameworks @loader_path/Frameworks";
				PRODUCT_NAME = "$(TARGET_NAME)";
				TEST_HOST = "$(BUILT_PRODUCTS_DIR)/DrawTable.app/DrawTable";
			};
			name = Release;
		};
/* End XCBuildConfiguration section */

/* Begin XCConfigurationList section */
		385969251AE87DBA00C88ED4 /* Build configuration list for PBXProject "DrawTable" */ = {
			isa = XCConfigurationList;
			buildConfigurations = (
				3859694B1AE87DBA00C88ED4 /* Debug */,
				3859694C1AE87DBA00C88ED4 /* Release */,
			);
			defaultConfigurationIsVisible = 0;
			defaultConfigurationName = Release;
		};
		3859694D1AE87DBA00C88ED4 /* Build configuration list for PBXNativeTarget "DrawTable" */ = {
			isa = XCConfigurationList;
			buildConfigurations = (
				3859694E1AE87DBA00C88ED4 /* Debug */,
				3859694F1AE87DBA00C88ED4 /* Release */,
			);
			defaultConfigurationIsVisible = 0;
			defaultConfigurationName = Release;
		};
		385969501AE87DBA00C88ED4 /* Build configuration list for PBXNativeTarget "DrawTableTests" */ = {
			isa = XCConfigurationList;
			buildConfigurations = (
				385969511AE87DBA00C88ED4 /* Debug */,
				385969521AE87DBA00C88ED4 /* Release */,
			);
			defaultConfigurationIsVisible = 0;
			defaultConfigurationName = Release;
		};
/* End XCConfigurationList section */
	};
	rootObject = 385969221AE87DBA00C88ED4 /* Project object */;
}
